
Microsoft Visual Studio Solution File, Format Version 12.00
# Visual Studio 15
VisualStudioVersion = 15.0.28307.779
MinimumVisualStudioVersion = 10.0.40219.1
Project("{FAE04EC0-301F-11D3-BF4B-00C04F79EFBC}") = "IT-Talent-001", "IT-Talent-001\IT-Talent-001.csproj", "{3ECF7D5F-391D-4D45-B677-8AFBFAF19939}"
EndProject
Global
	GlobalSection(SolutionConfigurationPlatforms) = preSolution
		Debug|Any CPU = Debug|Any CPU
		Release|Any CPU = Release|Any CPU
	EndGlobalSection
	GlobalSection(ProjectConfigurationPlatforms) = postSolution
		{3ECF7D5F-391D-4D45-B677-8AFBFAF19939}.Debug|Any CPU.ActiveCfg = Debug|Any CPU
		{3ECF7D5F-391D-4D45-B677-8AFBFAF19939}.Debug|Any CPU.Build.0 = Debug|Any CPU
		{3ECF7D5F-391D-4D45-B677-8AFBFAF19939}.Release|Any CPU.ActiveCfg = Release|Any CPU
		{3ECF7D5F-391D-4D45-B677-8AFBFAF19939}.Release|Any CPU.Build.0 = Release|Any CPU
	EndGlobalSection
	GlobalSection(SolutionProperties) = preSolution
		HideSolutionNode = FALSE
	EndGlobalSection
	GlobalSection(ExtensibilityGlobals) = postSolution
		SolutionGuid = {A98BBD56-FB23-4437-BD15-61BFEB70E702}
	EndGlobalSection
EndGlobal
